
Microsoft Visual Studio Solution File, Format Version 12.00
Project("{FAE04EC0-301F-11D3-BF4B-00C04F79EFBC}") = "WizardsAndWarriors", "WizardsAndWarriors\WizardsAndWarriors.csproj", "{7074F34C-22D4-47D1-BECA-10D6ECCF776E}"
EndProject
Global
	GlobalSection(SolutionConfigurationPlatforms) = preSolution
		Debug|Any CPU = Debug|Any CPU
		Release|Any CPU = Release|Any CPU
	EndGlobalSection
	GlobalSection(ProjectConfigurationPlatforms) = postSolution
		{7074F34C-22D4-47D1-BECA-10D6ECCF776E}.Debug|Any CPU.ActiveCfg = Debug|Any CPU
		{7074F34C-22D4-47D1-BECA-10D6ECCF776E}.Debug|Any CPU.Build.0 = Debug|Any CPU
		{7074F34C-22D4-47D1-BECA-10D6ECCF776E}.Release|Any CPU.ActiveCfg = Release|Any CPU
		{7074F34C-22D4-47D1-BECA-10D6ECCF776E}.Release|Any CPU.Build.0 = Release|Any CPU
	EndGlobalSection
EndGlobal
